
Microsoft Visual Studio Solution File, Format Version 12.00
# Visual Studio Version 17
VisualStudioVersion = 17.8.34511.84
MinimumVisualStudioVersion = 10.0.40219.1
Project("{FAE04EC0-301F-11D3-BF4B-00C04F79EFBC}") = "ClassLibrary", "ClassLibrary\ClassLibrary.csproj", "{CF29FEB4-9B87-418F-8E7E-89200F433935}"
EndProject
Project("{FAE04EC0-301F-11D3-BF4B-00C04F79EFBC}") = "Programm", "Programm\Programm.csproj", "{24F72A89-DBB0-4E87-9485-1B1B7A38C6AC}"
EndProject
Global
	GlobalSection(SolutionConfigurationPlatforms) = preSolution
		Debug|Any CPU = Debug|Any CPU
		Release|Any CPU = Release|Any CPU
	EndGlobalSection
	GlobalSection(ProjectConfigurationPlatforms) = postSolution
		{CF29FEB4-9B87-418F-8E7E-89200F433935}.Debug|Any CPU.ActiveCfg = Debug|Any CPU
		{CF29FEB4-9B87-418F-8E7E-89200F433935}.Debug|Any CPU.Build.0 = Debug|Any CPU
		{CF29FEB4-9B87-418F-8E7E-89200F433935}.Release|Any CPU.ActiveCfg = Release|Any CPU
		{CF29FEB4-9B87-418F-8E7E-89200F433935}.Release|Any CPU.Build.0 = Release|Any CPU
		{24F72A89-DBB0-4E87-9485-1B1B7A38C6AC}.Debug|Any CPU.ActiveCfg = Debug|Any CPU
		{24F72A89-DBB0-4E87-9485-1B1B7A38C6AC}.Debug|Any CPU.Build.0 = Debug|Any CPU
		{24F72A89-DBB0-4E87-9485-1B1B7A38C6AC}.Release|Any CPU.ActiveCfg = Release|Any CPU
		{24F72A89-DBB0-4E87-9485-1B1B7A38C6AC}.Release|Any CPU.Build.0 = Release|Any CPU
	EndGlobalSection
	GlobalSection(SolutionProperties) = preSolution
		HideSolutionNode = FALSE
	EndGlobalSection
	GlobalSection(ExtensibilityGlobals) = postSolution
		SolutionGuid = {A3453F65-50FA-4EA3-81C8-472414E14881}
	EndGlobalSection
EndGlobal
