
Microsoft Visual Studio Solution File, Format Version 12.00
# Visual Studio Version 17
VisualStudioVersion = 17.8.34511.84
MinimumVisualStudioVersion = 10.0.40219.1
Project("{9A19103F-16F7-4668-BE54-9A1E7A4F7556}") = "User", "User\User.csproj", "{B3C60F79-DEA2-44B0-89E5-9EB61A1B9D48}"
	ProjectSection(ProjectDependencies) = postProject
		{BA07F0E7-3F98-4B2D-BEFF-E39DDA02B38C} = {BA07F0E7-3F98-4B2D-BEFF-E39DDA02B38C}
	EndProjectSection
EndProject
Project("{9A19103F-16F7-4668-BE54-9A1E7A4F7556}") = "ClassLibrary", "ClassLibrary\ClassLibrary.csproj", "{BA07F0E7-3F98-4B2D-BEFF-E39DDA02B38C}"
EndProject
Global
	GlobalSection(SolutionConfigurationPlatforms) = preSolution
		Debug|Any CPU = Debug|Any CPU
		Release|Any CPU = Release|Any CPU
	EndGlobalSection
	GlobalSection(ProjectConfigurationPlatforms) = postSolution
		{B3C60F79-DEA2-44B0-89E5-9EB61A1B9D48}.Debug|Any CPU.ActiveCfg = Debug|Any CPU
		{B3C60F79-DEA2-44B0-89E5-9EB61A1B9D48}.Debug|Any CPU.Build.0 = Debug|Any CPU
		{B3C60F79-DEA2-44B0-89E5-9EB61A1B9D48}.Release|Any CPU.ActiveCfg = Release|Any CPU
		{B3C60F79-DEA2-44B0-89E5-9EB61A1B9D48}.Release|Any CPU.Build.0 = Release|Any CPU
		{BA07F0E7-3F98-4B2D-BEFF-E39DDA02B38C}.Debug|Any CPU.ActiveCfg = Debug|Any CPU
		{BA07F0E7-3F98-4B2D-BEFF-E39DDA02B38C}.Debug|Any CPU.Build.0 = Debug|Any CPU
		{BA07F0E7-3F98-4B2D-BEFF-E39DDA02B38C}.Release|Any CPU.ActiveCfg = Release|Any CPU
		{BA07F0E7-3F98-4B2D-BEFF-E39DDA02B38C}.Release|Any CPU.Build.0 = Release|Any CPU
	EndGlobalSection
	GlobalSection(SolutionProperties) = preSolution
		HideSolutionNode = FALSE
	EndGlobalSection
	GlobalSection(ExtensibilityGlobals) = postSolution
		SolutionGuid = {725A51F3-A7B1-4E86-8EF5-BA221614F199}
	EndGlobalSection
EndGlobal
