
Microsoft Visual Studio Solution File, Format Version 12.00
# Visual Studio Version 17
VisualStudioVersion = 17.9.34622.214
MinimumVisualStudioVersion = 10.0.40219.1
Project("{9A19103F-16F7-4668-BE54-9A1E7A4F7556}") = "DelegatesUI", "DelegatesUI\DelegatesUI.csproj", "{D9FED129-3FDA-42FA-8824-F6E2A0C60EA1}"
EndProject
Project("{9A19103F-16F7-4668-BE54-9A1E7A4F7556}") = "DinamicArrayNS", "DinamicArray\DinamicArrayNS.csproj", "{A235E19D-8341-4F71-A5BF-2F79785168B1}"
EndProject
Project("{FAE04EC0-301F-11D3-BF4B-00C04F79EFBC}") = "DAExpansion", "DAExpansion\DAExpansion.csproj", "{8D8CB864-EDFA-42DA-9C5E-5D5FEB7DABE9}"
EndProject
Global
	GlobalSection(SolutionConfigurationPlatforms) = preSolution
		Debug|Any CPU = Debug|Any CPU
		Release|Any CPU = Release|Any CPU
	EndGlobalSection
	GlobalSection(ProjectConfigurationPlatforms) = postSolution
		{D9FED129-3FDA-42FA-8824-F6E2A0C60EA1}.Debug|Any CPU.ActiveCfg = Debug|Any CPU
		{D9FED129-3FDA-42FA-8824-F6E2A0C60EA1}.Debug|Any CPU.Build.0 = Debug|Any CPU
		{D9FED129-3FDA-42FA-8824-F6E2A0C60EA1}.Release|Any CPU.ActiveCfg = Release|Any CPU
		{D9FED129-3FDA-42FA-8824-F6E2A0C60EA1}.Release|Any CPU.Build.0 = Release|Any CPU
		{A235E19D-8341-4F71-A5BF-2F79785168B1}.Debug|Any CPU.ActiveCfg = Debug|Any CPU
		{A235E19D-8341-4F71-A5BF-2F79785168B1}.Debug|Any CPU.Build.0 = Debug|Any CPU
		{A235E19D-8341-4F71-A5BF-2F79785168B1}.Release|Any CPU.ActiveCfg = Release|Any CPU
		{A235E19D-8341-4F71-A5BF-2F79785168B1}.Release|Any CPU.Build.0 = Release|Any CPU
		{8D8CB864-EDFA-42DA-9C5E-5D5FEB7DABE9}.Debug|Any CPU.ActiveCfg = Debug|Any CPU
		{8D8CB864-EDFA-42DA-9C5E-5D5FEB7DABE9}.Debug|Any CPU.Build.0 = Debug|Any CPU
		{8D8CB864-EDFA-42DA-9C5E-5D5FEB7DABE9}.Release|Any CPU.ActiveCfg = Release|Any CPU
		{8D8CB864-EDFA-42DA-9C5E-5D5FEB7DABE9}.Release|Any CPU.Build.0 = Release|Any CPU
	EndGlobalSection
	GlobalSection(SolutionProperties) = preSolution
		HideSolutionNode = FALSE
	EndGlobalSection
	GlobalSection(ExtensibilityGlobals) = postSolution
		SolutionGuid = {DDFCCCE9-D8B8-478A-88F7-FB7D75896817}
	EndGlobalSection
EndGlobal
