
Microsoft Visual Studio Solution File, Format Version 12.00
# Visual Studio Version 17
VisualStudioVersion = 17.9.34728.123
MinimumVisualStudioVersion = 10.0.40219.1
Project("{FAE04EC0-301F-11D3-BF4B-00C04F79EFBC}") = "App13.UWP", "App13\App13.UWP\App13.UWP.csproj", "{C4A65D94-8633-426A-9DCE-572F479E3303}"
EndProject
Project("{FAE04EC0-301F-11D3-BF4B-00C04F79EFBC}") = "App13.Android", "App13\App13.Android\App13.Android.csproj", "{55A89FB3-031F-4AB6-A066-4D0CAE2FFF7D}"
EndProject
Project("{FAE04EC0-301F-11D3-BF4B-00C04F79EFBC}") = "App13", "App13\App13\App13.csproj", "{CBBEFDA1-E3BB-4078-8FA1-E16236500874}"
EndProject
Global
	GlobalSection(SolutionConfigurationPlatforms) = preSolution
		Debug|Any CPU = Debug|Any CPU
		Debug|ARM = Debug|ARM
		Debug|iPhone = Debug|iPhone
		Debug|iPhoneSimulator = Debug|iPhoneSimulator
		Debug|x64 = Debug|x64
		Debug|x86 = Debug|x86
		Release|Any CPU = Release|Any CPU
		Release|ARM = Release|ARM
		Release|iPhone = Release|iPhone
		Release|iPhoneSimulator = Release|iPhoneSimulator
		Release|x64 = Release|x64
		Release|x86 = Release|x86
	EndGlobalSection
	GlobalSection(ProjectConfigurationPlatforms) = postSolution
		{C4A65D94-8633-426A-9DCE-572F479E3303}.Debug|Any CPU.ActiveCfg = Debug|x64
		{C4A65D94-8633-426A-9DCE-572F479E3303}.Debug|Any CPU.Build.0 = Debug|x64
		{C4A65D94-8633-426A-9DCE-572F479E3303}.Debug|Any CPU.Deploy.0 = Debug|x64
		{C4A65D94-8633-426A-9DCE-572F479E3303}.Debug|ARM.ActiveCfg = Debug|ARM
		{C4A65D94-8633-426A-9DCE-572F479E3303}.Debug|ARM.Build.0 = Debug|ARM
		{C4A65D94-8633-426A-9DCE-572F479E3303}.Debug|ARM.Deploy.0 = Debug|ARM
		{C4A65D94-8633-426A-9DCE-572F479E3303}.Debug|iPhone.ActiveCfg = Debug|x64
		{C4A65D94-8633-426A-9DCE-572F479E3303}.Debug|iPhone.Build.0 = Debug|x64
		{C4A65D94-8633-426A-9DCE-572F479E3303}.Debug|iPhone.Deploy.0 = Debug|x64
		{C4A65D94-8633-426A-9DCE-572F479E3303}.Debug|iPhoneSimulator.ActiveCfg = Debug|x64
		{C4A65D94-8633-426A-9DCE-572F479E3303}.Debug|iPhoneSimulator.Build.0 = Debug|x64
		{C4A65D94-8633-426A-9DCE-572F479E3303}.Debug|iPhoneSimulator.Deploy.0 = Debug|x64
		{C4A65D94-8633-426A-9DCE-572F479E3303}.Debug|x64.ActiveCfg = Debug|x64
		{C4A65D94-8633-426A-9DCE-572F479E3303}.Debug|x64.Build.0 = Debug|x64
		{C4A65D94-8633-426A-9DCE-572F479E3303}.Debug|x64.Deploy.0 = Debug|x64
		{C4A65D94-8633-426A-9DCE-572F479E3303}.Debug|x86.ActiveCfg = Debug|x86
		{C4A65D94-8633-426A-9DCE-572F479E3303}.Debug|x86.Build.0 = Debug|x86
		{C4A65D94-8633-426A-9DCE-572F479E3303}.Debug|x86.Deploy.0 = Debug|x86
		{C4A65D94-8633-426A-9DCE-572F479E3303}.Release|Any CPU.ActiveCfg = Release|x64
		{C4A65D94-8633-426A-9DCE-572F479E3303}.Release|Any CPU.Build.0 = Release|x64
		{C4A65D94-8633-426A-9DCE-572F479E3303}.Release|Any CPU.Deploy.0 = Release|x64
		{C4A65D94-8633-426A-9DCE-572F479E3303}.Release|ARM.ActiveCfg = Release|ARM
		{C4A65D94-8633-426A-9DCE-572F479E3303}.Release|ARM.Build.0 = Release|ARM
		{C4A65D94-8633-426A-9DCE-572F479E3303}.Release|ARM.Deploy.0 = Release|ARM
		{C4A65D94-8633-426A-9DCE-572F479E3303}.Release|iPhone.ActiveCfg = Release|x64
		{C4A65D94-8633-426A-9DCE-572F479E3303}.Release|iPhone.Build.0 = Release|x64
		{C4A65D94-8633-426A-9DCE-572F479E3303}.Release|iPhone.Deploy.0 = Release|x64
		{C4A65D94-8633-426A-9DCE-572F479E3303}.Release|iPhoneSimulator.ActiveCfg = Release|x64
		{C4A65D94-8633-426A-9DCE-572F479E3303}.Release|iPhoneSimulator.Build.0 = Release|x64
		{C4A65D94-8633-426A-9DCE-572F479E3303}.Release|iPhoneSimulator.Deploy.0 = Release|x64
		{C4A65D94-8633-426A-9DCE-572F479E3303}.Release|x64.ActiveCfg = Release|x64
		{C4A65D94-8633-426A-9DCE-572F479E3303}.Release|x64.Build.0 = Release|x64
		{C4A65D94-8633-426A-9DCE-572F479E3303}.Release|x64.Deploy.0 = Release|x64
		{C4A65D94-8633-426A-9DCE-572F479E3303}.Release|x86.ActiveCfg = Release|x86
		{C4A65D94-8633-426A-9DCE-572F479E3303}.Release|x86.Build.0 = Release|x86
		{C4A65D94-8633-426A-9DCE-572F479E3303}.Release|x86.Deploy.0 = Release|x86
		{55A89FB3-031F-4AB6-A066-4D0CAE2FFF7D}.Debug|Any CPU.ActiveCfg = Debug|Any CPU
		{55A89FB3-031F-4AB6-A066-4D0CAE2FFF7D}.Debug|Any CPU.Build.0 = Debug|Any CPU
		{55A89FB3-031F-4AB6-A066-4D0CAE2FFF7D}.Debug|Any CPU.Deploy.0 = Debug|Any CPU
		{55A89FB3-031F-4AB6-A066-4D0CAE2FFF7D}.Debug|ARM.ActiveCfg = Debug|Any CPU
		{55A89FB3-031F-4AB6-A066-4D0CAE2FFF7D}.Debug|ARM.Build.0 = Debug|Any CPU
		{55A89FB3-031F-4AB6-A066-4D0CAE2FFF7D}.Debug|ARM.Deploy.0 = Debug|Any CPU
		{55A89FB3-031F-4AB6-A066-4D0CAE2FFF7D}.Debug|iPhone.ActiveCfg = Debug|Any CPU
		{55A89FB3-031F-4AB6-A066-4D0CAE2FFF7D}.Debug|iPhone.Build.0 = Debug|Any CPU
		{55A89FB3-031F-4AB6-A066-4D0CAE2FFF7D}.Debug|iPhone.Deploy.0 = Debug|Any CPU
		{55A89FB3-031F-4AB6-A066-4D0CAE2FFF7D}.Debug|iPhoneSimulator.ActiveCfg = Debug|Any CPU
		{55A89FB3-031F-4AB6-A066-4D0CAE2FFF7D}.Debug|iPhoneSimulator.Build.0 = Debug|Any CPU
		{55A89FB3-031F-4AB6-A066-4D0CAE2FFF7D}.Debug|iPhoneSimulator.Deploy.0 = Debug|Any CPU
		{55A89FB3-031F-4AB6-A066-4D0CAE2FFF7D}.Debug|x64.ActiveCfg = Debug|Any CPU
		{55A89FB3-031F-4AB6-A066-4D0CAE2FFF7D}.Debug|x64.Build.0 = Debug|Any CPU
		{55A89FB3-031F-4AB6-A066-4D0CAE2FFF7D}.Debug|x64.Deploy.0 = Debug|Any CPU
		{55A89FB3-031F-4AB6-A066-4D0CAE2FFF7D}.Debug|x86.ActiveCfg = Debug|Any CPU
		{55A89FB3-031F-4AB6-A066-4D0CAE2FFF7D}.Debug|x86.Build.0 = Debug|Any CPU
		{55A89FB3-031F-4AB6-A066-4D0CAE2FFF7D}.Debug|x86.Deploy.0 = Debug|Any CPU
		{55A89FB3-031F-4AB6-A066-4D0CAE2FFF7D}.Release|Any CPU.ActiveCfg = Release|Any CPU
		{55A89FB3-031F-4AB6-A066-4D0CAE2FFF7D}.Release|Any CPU.Build.0 = Release|Any CPU
		{55A89FB3-031F-4AB6-A066-4D0CAE2FFF7D}.Release|Any CPU.Deploy.0 = Release|Any CPU
		{55A89FB3-031F-4AB6-A066-4D0CAE2FFF7D}.Release|ARM.ActiveCfg = Release|Any CPU
		{55A89FB3-031F-4AB6-A066-4D0CAE2FFF7D}.Release|ARM.Build.0 = Release|Any CPU
		{55A89FB3-031F-4AB6-A066-4D0CAE2FFF7D}.Release|ARM.Deploy.0 = Release|Any CPU
		{55A89FB3-031F-4AB6-A066-4D0CAE2FFF7D}.Release|iPhone.ActiveCfg = Release|Any CPU
		{55A89FB3-031F-4AB6-A066-4D0CAE2FFF7D}.Release|iPhone.Build.0 = Release|Any CPU
		{55A89FB3-031F-4AB6-A066-4D0CAE2FFF7D}.Release|iPhone.Deploy.0 = Release|Any CPU
		{55A89FB3-031F-4AB6-A066-4D0CAE2FFF7D}.Release|iPhoneSimulator.ActiveCfg = Release|Any CPU
		{55A89FB3-031F-4AB6-A066-4D0CAE2FFF7D}.Release|iPhoneSimulator.Build.0 = Release|Any CPU
		{55A89FB3-031F-4AB6-A066-4D0CAE2FFF7D}.Release|iPhoneSimulator.Deploy.0 = Release|Any CPU
		{55A89FB3-031F-4AB6-A066-4D0CAE2FFF7D}.Release|x64.ActiveCfg = Release|Any CPU
		{55A89FB3-031F-4AB6-A066-4D0CAE2FFF7D}.Release|x64.Build.0 = Release|Any CPU
		{55A89FB3-031F-4AB6-A066-4D0CAE2FFF7D}.Release|x64.Deploy.0 = Release|Any CPU
		{55A89FB3-031F-4AB6-A066-4D0CAE2FFF7D}.Release|x86.ActiveCfg = Release|Any CPU
		{55A89FB3-031F-4AB6-A066-4D0CAE2FFF7D}.Release|x86.Build.0 = Release|Any CPU
		{55A89FB3-031F-4AB6-A066-4D0CAE2FFF7D}.Release|x86.Deploy.0 = Release|Any CPU
		{CBBEFDA1-E3BB-4078-8FA1-E16236500874}.Debug|Any CPU.ActiveCfg = Debug|Any CPU
		{CBBEFDA1-E3BB-4078-8FA1-E16236500874}.Debug|Any CPU.Build.0 = Debug|Any CPU
		{CBBEFDA1-E3BB-4078-8FA1-E16236500874}.Debug|Any CPU.Deploy.0 = Debug|Any CPU
		{CBBEFDA1-E3BB-4078-8FA1-E16236500874}.Debug|ARM.ActiveCfg = Debug|Any CPU
		{CBBEFDA1-E3BB-4078-8FA1-E16236500874}.Debug|ARM.Build.0 = Debug|Any CPU
		{CBBEFDA1-E3BB-4078-8FA1-E16236500874}.Debug|ARM.Deploy.0 = Debug|Any CPU
		{CBBEFDA1-E3BB-4078-8FA1-E16236500874}.Debug|iPhone.ActiveCfg = Debug|Any CPU
		{CBBEFDA1-E3BB-4078-8FA1-E16236500874}.Debug|iPhone.Build.0 = Debug|Any CPU
		{CBBEFDA1-E3BB-4078-8FA1-E16236500874}.Debug|iPhone.Deploy.0 = Debug|Any CPU
		{CBBEFDA1-E3BB-4078-8FA1-E16236500874}.Debug|iPhoneSimulator.ActiveCfg = Debug|Any CPU
		{CBBEFDA1-E3BB-4078-8FA1-E16236500874}.Debug|iPhoneSimulator.Build.0 = Debug|Any CPU
		{CBBEFDA1-E3BB-4078-8FA1-E16236500874}.Debug|iPhoneSimulator.Deploy.0 = Debug|Any CPU
		{CBBEFDA1-E3BB-4078-8FA1-E16236500874}.Debug|x64.ActiveCfg = Debug|Any CPU
		{CBBEFDA1-E3BB-4078-8FA1-E16236500874}.Debug|x64.Build.0 = Debug|Any CPU
		{CBBEFDA1-E3BB-4078-8FA1-E16236500874}.Debug|x64.Deploy.0 = Debug|Any CPU
		{CBBEFDA1-E3BB-4078-8FA1-E16236500874}.Debug|x86.ActiveCfg = Debug|Any CPU
		{CBBEFDA1-E3BB-4078-8FA1-E16236500874}.Debug|x86.Build.0 = Debug|Any CPU
		{CBBEFDA1-E3BB-4078-8FA1-E16236500874}.Debug|x86.Deploy.0 = Debug|Any CPU
		{CBBEFDA1-E3BB-4078-8FA1-E16236500874}.Release|Any CPU.ActiveCfg = Release|Any CPU
		{CBBEFDA1-E3BB-4078-8FA1-E16236500874}.Release|Any CPU.Build.0 = Release|Any CPU
		{CBBEFDA1-E3BB-4078-8FA1-E16236500874}.Release|Any CPU.Deploy.0 = Release|Any CPU
		{CBBEFDA1-E3BB-4078-8FA1-E16236500874}.Release|ARM.ActiveCfg = Release|Any CPU
		{CBBEFDA1-E3BB-4078-8FA1-E16236500874}.Release|ARM.Build.0 = Release|Any CPU
		{CBBEFDA1-E3BB-4078-8FA1-E16236500874}.Release|ARM.Deploy.0 = Release|Any CPU
		{CBBEFDA1-E3BB-4078-8FA1-E16236500874}.Release|iPhone.ActiveCfg = Release|Any CPU
		{CBBEFDA1-E3BB-4078-8FA1-E16236500874}.Release|iPhone.Build.0 = Release|Any CPU
		{CBBEFDA1-E3BB-4078-8FA1-E16236500874}.Release|iPhone.Deploy.0 = Release|Any CPU
		{CBBEFDA1-E3BB-4078-8FA1-E16236500874}.Release|iPhoneSimulator.ActiveCfg = Release|Any CPU
		{CBBEFDA1-E3BB-4078-8FA1-E16236500874}.Release|iPhoneSimulator.Build.0 = Release|Any CPU
		{CBBEFDA1-E3BB-4078-8FA1-E16236500874}.Release|iPhoneSimulator.Deploy.0 = Release|Any CPU
		{CBBEFDA1-E3BB-4078-8FA1-E16236500874}.Release|x64.ActiveCfg = Release|Any CPU
		{CBBEFDA1-E3BB-4078-8FA1-E16236500874}.Release|x64.Build.0 = Release|Any CPU
		{CBBEFDA1-E3BB-4078-8FA1-E16236500874}.Release|x64.Deploy.0 = Release|Any CPU
		{CBBEFDA1-E3BB-4078-8FA1-E16236500874}.Release|x86.ActiveCfg = Release|Any CPU
		{CBBEFDA1-E3BB-4078-8FA1-E16236500874}.Release|x86.Build.0 = Release|Any CPU
		{CBBEFDA1-E3BB-4078-8FA1-E16236500874}.Release|x86.Deploy.0 = Release|Any CPU
	EndGlobalSection
	GlobalSection(SolutionProperties) = preSolution
		HideSolutionNode = FALSE
	EndGlobalSection
	GlobalSection(ExtensibilityGlobals) = postSolution
		SolutionGuid = {EFFFA6C7-5AEA-4378-A587-918C648C8C66}
	EndGlobalSection
EndGlobal
