
Microsoft Visual Studio Solution File, Format Version 12.00
# Visual Studio Version 17
VisualStudioVersion = 17.9.34622.214
MinimumVisualStudioVersion = 10.0.40219.1
Project("{FAE04EC0-301F-11D3-BF4B-00C04F79EFBC}") = "ShroomsUI", "ShroomsUI\ShroomsUI.csproj", "{9DDA0812-29E6-4BBF-98A0-9E981DC1CED2}"
EndProject
Project("{FAE04EC0-301F-11D3-BF4B-00C04F79EFBC}") = "Shrooms", "ShroomsBuzz\Shrooms.csproj", "{73EEBCA4-FE38-4BE5-92BC-633DB501709A}"
EndProject
Global
	GlobalSection(SolutionConfigurationPlatforms) = preSolution
		Debug|Any CPU = Debug|Any CPU
		Release|Any CPU = Release|Any CPU
	EndGlobalSection
	GlobalSection(ProjectConfigurationPlatforms) = postSolution
		{9DDA0812-29E6-4BBF-98A0-9E981DC1CED2}.Debug|Any CPU.ActiveCfg = Debug|Any CPU
		{9DDA0812-29E6-4BBF-98A0-9E981DC1CED2}.Debug|Any CPU.Build.0 = Debug|Any CPU
		{9DDA0812-29E6-4BBF-98A0-9E981DC1CED2}.Release|Any CPU.ActiveCfg = Release|Any CPU
		{9DDA0812-29E6-4BBF-98A0-9E981DC1CED2}.Release|Any CPU.Build.0 = Release|Any CPU
		{73EEBCA4-FE38-4BE5-92BC-633DB501709A}.Debug|Any CPU.ActiveCfg = Debug|Any CPU
		{73EEBCA4-FE38-4BE5-92BC-633DB501709A}.Debug|Any CPU.Build.0 = Debug|Any CPU
		{73EEBCA4-FE38-4BE5-92BC-633DB501709A}.Release|Any CPU.ActiveCfg = Release|Any CPU
		{73EEBCA4-FE38-4BE5-92BC-633DB501709A}.Release|Any CPU.Build.0 = Release|Any CPU
	EndGlobalSection
	GlobalSection(SolutionProperties) = preSolution
		HideSolutionNode = FALSE
	EndGlobalSection
	GlobalSection(ExtensibilityGlobals) = postSolution
		SolutionGuid = {9443532A-95B8-4BFF-B6BC-F17324A2C344}
	EndGlobalSection
EndGlobal
