
Microsoft Visual Studio Solution File, Format Version 12.00
# Visual Studio Version 17
VisualStudioVersion = 17.9.34622.214
MinimumVisualStudioVersion = 10.0.40219.1
Project("{9A19103F-16F7-4668-BE54-9A1E7A4F7556}") = "DynamicArrayUI", "DynamicArrayUI\DynamicArrayUI.csproj", "{4AF90D21-4ACC-4305-87FF-BB49A548684B}"
EndProject
Project("{FAE04EC0-301F-11D3-BF4B-00C04F79EFBC}") = "DinamicArrayNS", "DinamicArray\DinamicArrayNS.csproj", "{FAE3CBDB-5A62-4F66-8690-F10DD3F2E1CC}"
EndProject
Global
	GlobalSection(SolutionConfigurationPlatforms) = preSolution
		Debug|Any CPU = Debug|Any CPU
		Release|Any CPU = Release|Any CPU
	EndGlobalSection
	GlobalSection(ProjectConfigurationPlatforms) = postSolution
		{4AF90D21-4ACC-4305-87FF-BB49A548684B}.Debug|Any CPU.ActiveCfg = Debug|Any CPU
		{4AF90D21-4ACC-4305-87FF-BB49A548684B}.Debug|Any CPU.Build.0 = Debug|Any CPU
		{4AF90D21-4ACC-4305-87FF-BB49A548684B}.Release|Any CPU.ActiveCfg = Release|Any CPU
		{4AF90D21-4ACC-4305-87FF-BB49A548684B}.Release|Any CPU.Build.0 = Release|Any CPU
		{FAE3CBDB-5A62-4F66-8690-F10DD3F2E1CC}.Debug|Any CPU.ActiveCfg = Debug|Any CPU
		{FAE3CBDB-5A62-4F66-8690-F10DD3F2E1CC}.Debug|Any CPU.Build.0 = Debug|Any CPU
		{FAE3CBDB-5A62-4F66-8690-F10DD3F2E1CC}.Release|Any CPU.ActiveCfg = Release|Any CPU
		{FAE3CBDB-5A62-4F66-8690-F10DD3F2E1CC}.Release|Any CPU.Build.0 = Release|Any CPU
	EndGlobalSection
	GlobalSection(SolutionProperties) = preSolution
		HideSolutionNode = FALSE
	EndGlobalSection
	GlobalSection(ExtensibilityGlobals) = postSolution
		SolutionGuid = {0E24F7F4-3A6E-4364-949E-ABA9CA7C53EE}
	EndGlobalSection
EndGlobal
