
Microsoft Visual Studio Solution File, Format Version 12.00
# Visual Studio Version 17
VisualStudioVersion = 17.8.34511.84
MinimumVisualStudioVersion = 10.0.40219.1
Project("{FAE04EC0-301F-11D3-BF4B-00C04F79EFBC}") = "ClassLibrary", "ClassLibrary\ClassLibrary.csproj", "{38BF81C2-004C-4295-BF3B-73D063A825E2}"
EndProject
Project("{FAE04EC0-301F-11D3-BF4B-00C04F79EFBC}") = "Programm", "Programm\Programm.csproj", "{58CA2DA6-E8BE-4762-83BC-F1F5AF91B176}"
EndProject
Global
	GlobalSection(SolutionConfigurationPlatforms) = preSolution
		Debug|Any CPU = Debug|Any CPU
		Release|Any CPU = Release|Any CPU
	EndGlobalSection
	GlobalSection(ProjectConfigurationPlatforms) = postSolution
		{38BF81C2-004C-4295-BF3B-73D063A825E2}.Debug|Any CPU.ActiveCfg = Debug|Any CPU
		{38BF81C2-004C-4295-BF3B-73D063A825E2}.Debug|Any CPU.Build.0 = Debug|Any CPU
		{38BF81C2-004C-4295-BF3B-73D063A825E2}.Release|Any CPU.ActiveCfg = Release|Any CPU
		{38BF81C2-004C-4295-BF3B-73D063A825E2}.Release|Any CPU.Build.0 = Release|Any CPU
		{58CA2DA6-E8BE-4762-83BC-F1F5AF91B176}.Debug|Any CPU.ActiveCfg = Debug|Any CPU
		{58CA2DA6-E8BE-4762-83BC-F1F5AF91B176}.Debug|Any CPU.Build.0 = Debug|Any CPU
		{58CA2DA6-E8BE-4762-83BC-F1F5AF91B176}.Release|Any CPU.ActiveCfg = Release|Any CPU
		{58CA2DA6-E8BE-4762-83BC-F1F5AF91B176}.Release|Any CPU.Build.0 = Release|Any CPU
	EndGlobalSection
	GlobalSection(SolutionProperties) = preSolution
		HideSolutionNode = FALSE
	EndGlobalSection
	GlobalSection(ExtensibilityGlobals) = postSolution
		SolutionGuid = {BE8B127B-575F-4D4F-BD1A-D9055472DC59}
	EndGlobalSection
EndGlobal
